{
  "nodes": {
    "nixos-hardware": {
      "locked": {
        "lastModified": 1777796046,
        "narHash": "sha256-bEJp/zaQApzynGRaAO62BZSz9tFikKtIHCn2yIA/s7Q=",
        "owner": "NixOS",
        "repo": "nixos-hardware",
        "rev": "eeb02f6e29fc8139c0b15af5ff0fdfdc6d0d3d90",
        "type": "github"
      },
      "original": {
        "owner": "NixOS",
        "ref": "master",
        "repo": "nixos-hardware",
        "type": "github"
      }
    },
    "nixpkgs": {
      "locked": {
        "lastModified": 1777811621,
        "narHash": "sha256-dUv1wZAgkqUogJRzpqvW1VMXkp+jPA7Jqni0c4/DuHU=",
        "owner": "nixos",
        "repo": "nixpkgs",
        "rev": "d27f58829ca750e0f08cc6e119f445cdd491bae5",
        "type": "github"
      },
      "original": {
        "owner": "nixos",
        "ref": "release-25.11",
        "repo": "nixpkgs",
        "type": "github"
      }
    },
    "root": {
      "inputs": {
        "nixos-hardware": "nixos-hardware",
        "nixpkgs": "nixpkgs"
      }
    }
  },
  "root": "root",
  "version": 7
}
